// !$*UTF8*$!
{
	archiveVersion = 1;
	classes = {
	};
	objectVersion = 50;
	objects = {

/* Begin PBXBuildFile section */
		BA15311A245526220088CBC8 /* Race_Result_View.swift in Sources */ = {isa = PBXBuildFile; fileRef = BA153119245526220088CBC8 /* Race_Result_View.swift */; };
		BA157AD4245531890088CBC8 /* formula1.ttf in Resources */ = {isa = PBXBuildFile; fileRef = BA157AD3245531890088CBC8 /* formula1.ttf */; };
		BA30C5B6244D50BF00C03CC4 /* AppDelegate.swift in Sources */ = {isa = PBXBuildFile; fileRef = BA30C5B5244D50BF00C03CC4 /* AppDelegate.swift */; };
		BA30C5B8244D50BF00C03CC4 /* ContentView.swift in Sources */ = {isa = PBXBuildFile; fileRef = BA30C5B7244D50BF00C03CC4 /* ContentView.swift */; };
		BA30C5BB244D50BF00C03CC4 /* Formula_1_Statistics___2019.xcdatamodeld in Sources */ = {isa = PBXBuildFile; fileRef = BA30C5B9244D50BF00C03CC4 /* Formula_1_Statistics___2019.xcdatamodeld */; };
		BA30C5BD244D50C000C03CC4 /* Assets.xcassets in Resources */ = {isa = PBXBuildFile; fileRef = BA30C5BC244D50C000C03CC4 /* Assets.xcassets */; };
		BA30C5C0244D50C000C03CC4 /* Preview Assets.xcassets in Resources */ = {isa = PBXBuildFile; fileRef = BA30C5BF244D50C000C03CC4 /* Preview Assets.xcassets */; };
		BA30C5C3244D50C000C03CC4 /* Main.storyboard in Resources */ = {isa = PBXBuildFile; fileRef = BA30C5C1244D50C000C03CC4 /* Main.storyboard */; };
		BA30C5CF244D50C000C03CC4 /* Formula_1_Statistics___2019Tests.swift in Sources */ = {isa = PBXBuildFile; fileRef = BA30C5CE244D50C000C03CC4 /* Formula_1_Statistics___2019Tests.swift */; };
		BA30C5DA244D50C000C03CC4 /* Formula_1_Statistics___2019UITests.swift in Sources */ = {isa = PBXBuildFile; fileRef = BA30C5D9244D50C000C03CC4 /* Formula_1_Statistics___2019UITests.swift */; };
		BA3D6BC3244D894600954386 /* MongoSwiftSync.framework in Frameworks */ = {isa = PBXBuildFile; fileRef = BA3D6BC2244D894600954386 /* MongoSwiftSync.framework */; };
		BA5C193F245BE19300CBF417 /* MongoSwift.framework in Frameworks */ = {isa = PBXBuildFile; fileRef = BA5C193E245BE19300CBF417 /* MongoSwift.framework */; };
		BAEF675424528B8D00324783 /* mongodb.swift in Sources */ = {isa = PBXBuildFile; fileRef = BAEF675324528B8D00324783 /* mongodb.swift */; };
		BAF90A1C2455F5100032D87E /* Driver_View.swift in Sources */ = {isa = PBXBuildFile; fileRef = BAF90A1B2455F5100032D87E /* Driver_View.swift */; };
		BAF90A1E2455F51C0032D87E /* Team_View.swift in Sources */ = {isa = PBXBuildFile; fileRef = BAF90A1D2455F51C0032D87E /* Team_View.swift */; };
/* End PBXBuildFile section */

/* Begin PBXContainerItemProxy section */
		BA30C5CB244D50C000C03CC4 /* PBXContainerItemProxy */ = {
			isa = PBXContainerItemProxy;
			containerPortal = BA30C5AA244D50BE00C03CC4 /* Project object */;
			proxyType = 1;
			remoteGlobalIDString = BA30C5B1244D50BF00C03CC4;
			remoteInfo = "Formula 1 Statistics - 2019";
		};
		BA30C5D6244D50C000C03CC4 /* PBXContainerItemProxy */ = {
			isa = PBXContainerItemProxy;
			containerPortal = BA30C5AA244D50BE00C03CC4 /* Project object */;
			proxyType = 1;
			remoteGlobalIDString = BA30C5B1244D50BF00C03CC4;
			remoteInfo = "Formula 1 Statistics - 2019";
		};
/* End PBXContainerItemProxy section */

/* Begin PBXFileReference section */
		BA153119245526220088CBC8 /* Race_Result_View.swift */ = {isa = PBXFileReference; lastKnownFileType = sourcecode.swift; path = Race_Result_View.swift; sourceTree = "<group>"; };
		BA157AD3245531890088CBC8 /* formula1.ttf */ = {isa = PBXFileReference; lastKnownFileType = file; path = formula1.ttf; sourceTree = "<group>"; };
		BA30C5B2244D50BF00C03CC4 /* Formula 1 Statistics - 2019.app */ = {isa = PBXFileReference; explicitFileType = wrapper.application; includeInIndex = 0; path = "Formula 1 Statistics - 2019.app"; sourceTree = BUILT_PRODUCTS_DIR; };
		BA30C5B5244D50BF00C03CC4 /* AppDelegate.swift */ = {isa = PBXFileReference; lastKnownFileType = sourcecode.swift; path = AppDelegate.swift; sourceTree = "<group>"; };
		BA30C5B7244D50BF00C03CC4 /* ContentView.swift */ = {isa = PBXFileReference; lastKnownFileType = sourcecode.swift; path = ContentView.swift; sourceTree = "<group>"; };
		BA30C5BA244D50BF00C03CC4 /* Formula_1_Statistics___2019.xcdatamodel */ = {isa = PBXFileReference; lastKnownFileType = wrapper.xcdatamodel; path = "Formula_1_Statistics___2019.xcdatamodel"; sourceTree = "<group>"; };
		BA30C5BC244D50C000C03CC4 /* Assets.xcassets */ = {isa = PBXFileReference; lastKnownFileType = folder.assetcatalog; path = Assets.xcassets; sourceTree = "<group>"; };
		BA30C5BF244D50C000C03CC4 /* Preview Assets.xcassets */ = {isa = PBXFileReference; lastKnownFileType = folder.assetcatalog; path = "Preview Assets.xcassets"; sourceTree = "<group>"; };
		BA30C5C2244D50C000C03CC4 /* Base */ = {isa = PBXFileReference; lastKnownFileType = file.storyboard; name = Base; path = Base.lproj/Main.storyboard; sourceTree = "<group>"; };
		BA30C5C4244D50C000C03CC4 /* Info.plist */ = {isa = PBXFileReference; lastKnownFileType = text.plist.xml; path = Info.plist; sourceTree = "<group>"; };
		BA30C5C5244D50C000C03CC4 /* Formula_1_Statistics___2019.entitlements */ = {isa = PBXFileReference; lastKnownFileType = text.plist.entitlements; path = "Formula_1_Statistics___2019.entitlements"; sourceTree = "<group>"; };
		BA30C5CA244D50C000C03CC4 /* Formula 1 Statistics - 2019Tests.xctest */ = {isa = PBXFileReference; explicitFileType = wrapper.cfbundle; includeInIndex = 0; path = "Formula 1 Statistics - 2019Tests.xctest"; sourceTree = BUILT_PRODUCTS_DIR; };
		BA30C5CE244D50C000C03CC4 /* Formula_1_Statistics___2019Tests.swift */ = {isa = PBXFileReference; lastKnownFileType = sourcecode.swift; path = "Formula_1_Statistics___2019Tests.swift"; sourceTree = "<group>"; };
		BA30C5D0244D50C000C03CC4 /* Info.plist */ = {isa = PBXFileReference; lastKnownFileType = text.plist.xml; path = Info.plist; sourceTree = "<group>"; };
		BA30C5D5244D50C000C03CC4 /* Formula 1 Statistics - 2019UITests.xctest */ = {isa = PBXFileReference; explicitFileType = wrapper.cfbundle; includeInIndex = 0; path = "Formula 1 Statistics - 2019UITests.xctest"; sourceTree = BUILT_PRODUCTS_DIR; };
		BA30C5D9244D50C000C03CC4 /* Formula_1_Statistics___2019UITests.swift */ = {isa = PBXFileReference; lastKnownFileType = sourcecode.swift; path = "Formula_1_Statistics___2019UITests.swift"; sourceTree = "<group>"; };
		BA30C5DB244D50C000C03CC4 /* Info.plist */ = {isa = PBXFileReference; lastKnownFileType = text.plist.xml; path = Info.plist; sourceTree = "<group>"; };
		BA3D6BC2244D894600954386 /* MongoSwiftSync.framework */ = {isa = PBXFileReference; lastKnownFileType = wrapper.framework; path = MongoSwiftSync.framework; sourceTree = BUILT_PRODUCTS_DIR; };
		BA5C1934245BE19300CBF417 /* CLibMongoC.framework */ = {isa = PBXFileReference; lastKnownFileType = wrapper.framework; path = CLibMongoC.framework; sourceTree = BUILT_PRODUCTS_DIR; };
		BA5C1936245BE19300CBF417 /* CNIOAtomics.framework */ = {isa = PBXFileReference; lastKnownFileType = wrapper.framework; path = CNIOAtomics.framework; sourceTree = BUILT_PRODUCTS_DIR; };
		BA5C1938245BE19300CBF417 /* CNIODarwin.framework */ = {isa = PBXFileReference; lastKnownFileType = wrapper.framework; path = CNIODarwin.framework; sourceTree = BUILT_PRODUCTS_DIR; };
		BA5C193A245BE19300CBF417 /* CNIOLinux.framework */ = {isa = PBXFileReference; lastKnownFileType = wrapper.framework; path = CNIOLinux.framework; sourceTree = BUILT_PRODUCTS_DIR; };
		BA5C193C245BE19300CBF417 /* CNIOSHA1.framework */ = {isa = PBXFileReference; lastKnownFileType = wrapper.framework; path = CNIOSHA1.framework; sourceTree = BUILT_PRODUCTS_DIR; };
		BA5C193E245BE19300CBF417 /* MongoSwift.framework */ = {isa = PBXFileReference; lastKnownFileType = wrapper.framework; path = MongoSwift.framework; sourceTree = BUILT_PRODUCTS_DIR; };
		BA5C1940245BE19300CBF417 /* Nimble.framework */ = {isa = PBXFileReference; lastKnownFileType = wrapper.framework; path = Nimble.framework; sourceTree = BUILT_PRODUCTS_DIR; };
		BA5C1942245BE19300CBF417 /* NIO.framework */ = {isa = PBXFileReference; lastKnownFileType = wrapper.framework; path = NIO.framework; sourceTree = BUILT_PRODUCTS_DIR; };
		BA5C1944245BE19300CBF417 /* NIOConcurrencyHelpers.framework */ = {isa = PBXFileReference; lastKnownFileType = wrapper.framework; path = NIOConcurrencyHelpers.framework; sourceTree = BUILT_PRODUCTS_DIR; };
		BA5C1946245BE19300CBF417 /* TestsCommon.framework */ = {isa = PBXFileReference; lastKnownFileType = wrapper.framework; path = TestsCommon.framework; sourceTree = BUILT_PRODUCTS_DIR; };
		BAEF675324528B8D00324783 /* mongodb.swift */ = {isa = PBXFileReference; lastKnownFileType = sourcecode.swift; path = mongodb.swift; sourceTree = "<group>"; };
		BAF90A1B2455F5100032D87E /* Driver_View.swift */ = {isa = PBXFileReference; lastKnownFileType = sourcecode.swift; path = Driver_View.swift; sourceTree = "<group>"; };
		BAF90A1D2455F51C0032D87E /* Team_View.swift */ = {isa = PBXFileReference; lastKnownFileType = sourcecode.swift; path = Team_View.swift; sourceTree = "<group>"; };
/* End PBXFileReference section */

/* Begin PBXFrameworksBuildPhase section */
		BA30C5AF244D50BF00C03CC4 /* Frameworks */ = {
			isa = PBXFrameworksBuildPhase;
			buildActionMask = 2147483647;
			files = (
				BA5C193F245BE19300CBF417 /* MongoSwift.framework in Frameworks */,
				BA3D6BC3244D894600954386 /* MongoSwiftSync.framework in Frameworks */,
			);
			runOnlyForDeploymentPostprocessing = 0;
		};
		BA30C5C7244D50C000C03CC4 /* Frameworks */ = {
			isa = PBXFrameworksBuildPhase;
			buildActionMask = 2147483647;
			files = (
			);
			runOnlyForDeploymentPostprocessing = 0;
		};
		BA30C5D2244D50C000C03CC4 /* Frameworks */ = {
			isa = PBXFrameworksBuildPhase;
			buildActionMask = 2147483647;
			files = (
			);
			runOnlyForDeploymentPostprocessing = 0;
		};
/* End PBXFrameworksBuildPhase section */

/* Begin PBXGroup section */
		BA157AD2245531790088CBC8 /* Fonts */ = {
			isa = PBXGroup;
			children = (
				BA157AD3245531890088CBC8 /* formula1.ttf */,
			);
			path = Fonts;
			sourceTree = "<group>";
		};
		BA30C5A9244D50BE00C03CC4 = {
			isa = PBXGroup;
			children = (
				BA30C5B4244D50BF00C03CC4 /* Formula 1 Statistics - 2019 */,
				BA30C5CD244D50C000C03CC4 /* Formula 1 Statistics - 2019Tests */,
				BA30C5D8244D50C000C03CC4 /* Formula 1 Statistics - 2019UITests */,
				BA30C5B3244D50BF00C03CC4 /* Products */,
				BA3D6B92244D882400954386 /* Frameworks */,
			);
			sourceTree = "<group>";
		};
		BA30C5B3244D50BF00C03CC4 /* Products */ = {
			isa = PBXGroup;
			children = (
				BA30C5B2244D50BF00C03CC4 /* Formula 1 Statistics - 2019.app */,
				BA30C5CA244D50C000C03CC4 /* Formula 1 Statistics - 2019Tests.xctest */,
				BA30C5D5244D50C000C03CC4 /* Formula 1 Statistics - 2019UITests.xctest */,
			);
			name = Products;
			sourceTree = "<group>";
		};
		BA30C5B4244D50BF00C03CC4 /* Formula 1 Statistics - 2019 */ = {
			isa = PBXGroup;
			children = (
				BA30C5B5244D50BF00C03CC4 /* AppDelegate.swift */,
				BA30C5B7244D50BF00C03CC4 /* ContentView.swift */,
				BA153119245526220088CBC8 /* Race_Result_View.swift */,
				BAF90A1B2455F5100032D87E /* Driver_View.swift */,
				BAF90A1D2455F51C0032D87E /* Team_View.swift */,
				BAEF675324528B8D00324783 /* mongodb.swift */,
				BA30C5BC244D50C000C03CC4 /* Assets.xcassets */,
				BA30C5C1244D50C000C03CC4 /* Main.storyboard */,
				BA30C5C4244D50C000C03CC4 /* Info.plist */,
				BA30C5C5244D50C000C03CC4 /* Formula_1_Statistics___2019.entitlements */,
				BA30C5B9244D50BF00C03CC4 /* Formula_1_Statistics___2019.xcdatamodeld */,
				BA157AD2245531790088CBC8 /* Fonts */,
				BA30C5BE244D50C000C03CC4 /* Preview Content */,
			);
			path = "Formula 1 Statistics - 2019";
			sourceTree = "<group>";
		};
		BA30C5BE244D50C000C03CC4 /* Preview Content */ = {
			isa = PBXGroup;
			children = (
				BA30C5BF244D50C000C03CC4 /* Preview Assets.xcassets */,
			);
			path = "Preview Content";
			sourceTree = "<group>";
		};
		BA30C5CD244D50C000C03CC4 /* Formula 1 Statistics - 2019Tests */ = {
			isa = PBXGroup;
			children = (
				BA30C5CE244D50C000C03CC4 /* Formula_1_Statistics___2019Tests.swift */,
				BA30C5D0244D50C000C03CC4 /* Info.plist */,
			);
			path = "Formula 1 Statistics - 2019Tests";
			sourceTree = "<group>";
		};
		BA30C5D8244D50C000C03CC4 /* Formula 1 Statistics - 2019UITests */ = {
			isa = PBXGroup;
			children = (
				BA30C5D9244D50C000C03CC4 /* Formula_1_Statistics___2019UITests.swift */,
				BA30C5DB244D50C000C03CC4 /* Info.plist */,
			);
			path = "Formula 1 Statistics - 2019UITests";
			sourceTree = "<group>";
		};
		BA3D6B92244D882400954386 /* Frameworks */ = {
			isa = PBXGroup;
			children = (
				BA5C1934245BE19300CBF417 /* CLibMongoC.framework */,
				BA5C1936245BE19300CBF417 /* CNIOAtomics.framework */,
				BA5C1938245BE19300CBF417 /* CNIODarwin.framework */,
				BA5C193A245BE19300CBF417 /* CNIOLinux.framework */,
				BA5C193C245BE19300CBF417 /* CNIOSHA1.framework */,
				BA5C193E245BE19300CBF417 /* MongoSwift.framework */,
				BA5C1940245BE19300CBF417 /* Nimble.framework */,
				BA5C1942245BE19300CBF417 /* NIO.framework */,
				BA5C1944245BE19300CBF417 /* NIOConcurrencyHelpers.framework */,
				BA5C1946245BE19300CBF417 /* TestsCommon.framework */,
				BA3D6BC2244D894600954386 /* MongoSwiftSync.framework */,
			);
			name = Frameworks;
			sourceTree = "<group>";
		};
/* End PBXGroup section */

/* Begin PBXNativeTarget section */
		BA30C5B1244D50BF00C03CC4 /* Formula 1 Statistics - 2019 */ = {
			isa = PBXNativeTarget;
			buildConfigurationList = BA30C5DE244D50C000C03CC4 /* Build configuration list for PBXNativeTarget "Formula 1 Statistics - 2019" */;
			buildPhases = (
				BA30C5AE244D50BF00C03CC4 /* Sources */,
				BA30C5AF244D50BF00C03CC4 /* Frameworks */,
				BA30C5B0244D50BF00C03CC4 /* Resources */,
			);
			buildRules = (
			);
			dependencies = (
			);
			name = "Formula 1 Statistics - 2019";
			packageProductDependencies = (
			);
			productName = "Formula 1 Statistics - 2019";
			productReference = BA30C5B2244D50BF00C03CC4 /* Formula 1 Statistics - 2019.app */;
			productType = "com.apple.product-type.application";
		};
		BA30C5C9244D50C000C03CC4 /* Formula 1 Statistics - 2019Tests */ = {
			isa = PBXNativeTarget;
			buildConfigurationList = BA30C5E1244D50C000C03CC4 /* Build configuration list for PBXNativeTarget "Formula 1 Statistics - 2019Tests" */;
			buildPhases = (
				BA30C5C6244D50C000C03CC4 /* Sources */,
				BA30C5C7244D50C000C03CC4 /* Frameworks */,
				BA30C5C8244D50C000C03CC4 /* Resources */,
			);
			buildRules = (
			);
			dependencies = (
				BA30C5CC244D50C000C03CC4 /* PBXTargetDependency */,
			);
			name = "Formula 1 Statistics - 2019Tests";
			productName = "Formula 1 Statistics - 2019Tests";
			productReference = BA30C5CA244D50C000C03CC4 /* Formula 1 Statistics - 2019Tests.xctest */;
			productType = "com.apple.product-type.bundle.unit-test";
		};
		BA30C5D4244D50C000C03CC4 /* Formula 1 Statistics - 2019UITests */ = {
			isa = PBXNativeTarget;
			buildConfigurationList = BA30C5E4244D50C000C03CC4 /* Build configuration list for PBXNativeTarget "Formula 1 Statistics - 2019UITests" */;
			buildPhases = (
				BA30C5D1244D50C000C03CC4 /* Sources */,
				BA30C5D2244D50C000C03CC4 /* Frameworks */,
				BA30C5D3244D50C000C03CC4 /* Resources */,
			);
			buildRules = (
			);
			dependencies = (
				BA30C5D7244D50C000C03CC4 /* PBXTargetDependency */,
			);
			name = "Formula 1 Statistics - 2019UITests";
			productName = "Formula 1 Statistics - 2019UITests";
			productReference = BA30C5D5244D50C000C03CC4 /* Formula 1 Statistics - 2019UITests.xctest */;
			productType = "com.apple.product-type.bundle.ui-testing";
		};
/* End PBXNativeTarget section */

/* Begin PBXProject section */
		BA30C5AA244D50BE00C03CC4 /* Project object */ = {
			isa = PBXProject;
			attributes = {
				LastSwiftUpdateCheck = 1140;
				LastUpgradeCheck = 1140;
				ORGANIZATIONNAME = "Henry Chen";
				TargetAttributes = {
					BA30C5B1244D50BF00C03CC4 = {
						CreatedOnToolsVersion = 11.4.1;
					};
					BA30C5C9244D50C000C03CC4 = {
						CreatedOnToolsVersion = 11.4.1;
						TestTargetID = BA30C5B1244D50BF00C03CC4;
					};
					BA30C5D4244D50C000C03CC4 = {
						CreatedOnToolsVersion = 11.4.1;
						TestTargetID = BA30C5B1244D50BF00C03CC4;
					};
				};
			};
			buildConfigurationList = BA30C5AD244D50BE00C03CC4 /* Build configuration list for PBXProject "Formula 1 Statistics - 2019" */;
			compatibilityVersion = "Xcode 9.3";
			developmentRegion = en;
			hasScannedForEncodings = 0;
			knownRegions = (
				en,
				Base,
			);
			mainGroup = BA30C5A9244D50BE00C03CC4;
			packageReferences = (
			);
			productRefGroup = BA30C5B3244D50BF00C03CC4 /* Products */;
			projectDirPath = "";
			projectRoot = "";
			targets = (
				BA30C5B1244D50BF00C03CC4 /* Formula 1 Statistics - 2019 */,
				BA30C5C9244D50C000C03CC4 /* Formula 1 Statistics - 2019Tests */,
				BA30C5D4244D50C000C03CC4 /* Formula 1 Statistics - 2019UITests */,
			);
		};
/* End PBXProject section */

/* Begin PBXResourcesBuildPhase section */
		BA30C5B0244D50BF00C03CC4 /* Resources */ = {
			isa = PBXResourcesBuildPhase;
			buildActionMask = 2147483647;
			files = (
				BA30C5C3244D50C000C03CC4 /* Main.storyboard in Resources */,
				BA30C5C0244D50C000C03CC4 /* Preview Assets.xcassets in Resources */,
				BA30C5BD244D50C000C03CC4 /* Assets.xcassets in Resources */,
				BA157AD4245531890088CBC8 /* formula1.ttf in Resources */,
			);
			runOnlyForDeploymentPostprocessing = 0;
		};
		BA30C5C8244D50C000C03CC4 /* Resources */ = {
			isa = PBXResourcesBuildPhase;
			buildActionMask = 2147483647;
			files = (
			);
			runOnlyForDeploymentPostprocessing = 0;
		};
		BA30C5D3244D50C000C03CC4 /* Resources */ = {
			isa = PBXResourcesBuildPhase;
			buildActionMask = 2147483647;
			files = (
			);
			runOnlyForDeploymentPostprocessing = 0;
		};
/* End PBXResourcesBuildPhase section */

/* Begin PBXSourcesBuildPhase section */
		BA30C5AE244D50BF00C03CC4 /* Sources */ = {
			isa = PBXSourcesBuildPhase;
			buildActionMask = 2147483647;
			files = (
				BA30C5B8244D50BF00C03CC4 /* ContentView.swift in Sources */,
				BA30C5B6244D50BF00C03CC4 /* AppDelegate.swift in Sources */,
				BAF90A1C2455F5100032D87E /* Driver_View.swift in Sources */,
				BAF90A1E2455F51C0032D87E /* Team_View.swift in Sources */,
				BAEF675424528B8D00324783 /* mongodb.swift in Sources */,
				BA30C5BB244D50BF00C03CC4 /* Formula_1_Statistics___2019.xcdatamodeld in Sources */,
				BA15311A245526220088CBC8 /* Race_Result_View.swift in Sources */,
			);
			runOnlyForDeploymentPostprocessing = 0;
		};
		BA30C5C6244D50C000C03CC4 /* Sources */ = {
			isa = PBXSourcesBuildPhase;
			buildActionMask = 2147483647;
			files = (
				BA30C5CF244D50C000C03CC4 /* Formula_1_Statistics___2019Tests.swift in Sources */,
			);
			runOnlyForDeploymentPostprocessing = 0;
		};
		BA30C5D1244D50C000C03CC4 /* Sources */ = {
			isa = PBXSourcesBuildPhase;
			buildActionMask = 2147483647;
			files = (
				BA30C5DA244D50C000C03CC4 /* Formula_1_Statistics___2019UITests.swift in Sources */,
			);
			runOnlyForDeploymentPostprocessing = 0;
		};
/* End PBXSourcesBuildPhase section */

/* Begin PBXTargetDependency section */
		BA30C5CC244D50C000C03CC4 /* PBXTargetDependency */ = {
			isa = PBXTargetDependency;
			target = BA30C5B1244D50BF00C03CC4 /* Formula 1 Statistics - 2019 */;
			targetProxy = BA30C5CB244D50C000C03CC4 /* PBXContainerItemProxy */;
		};
		BA30C5D7244D50C000C03CC4 /* PBXTargetDependency */ = {
			isa = PBXTargetDependency;
			target = BA30C5B1244D50BF00C03CC4 /* Formula 1 Statistics - 2019 */;
			targetProxy = BA30C5D6244D50C000C03CC4 /* PBXContainerItemProxy */;
		};
/* End PBXTargetDependency section */

/* Begin PBXVariantGroup section */
		BA30C5C1244D50C000C03CC4 /* Main.storyboard */ = {
			isa = PBXVariantGroup;
			children = (
				BA30C5C2244D50C000C03CC4 /* Base */,
			);
			name = Main.storyboard;
			sourceTree = "<group>";
		};
/* End PBXVariantGroup section */

/* Begin XCBuildConfiguration section */
		BA30C5DC244D50C000C03CC4 /* Debug */ = {
			isa = XCBuildConfiguration;
			buildSettings = {
				ALWAYS_SEARCH_USER_PATHS = NO;
				CLANG_ANALYZER_NONNULL = YES;
				CLANG_ANALYZER_NUMBER_OBJECT_CONVERSION = YES_AGGRESSIVE;
				CLANG_CXX_LANGUAGE_STANDARD = "gnu++14";
				CLANG_CXX_LIBRARY = "libc++";
				CLANG_ENABLE_MODULES = YES;
				CLANG_ENABLE_OBJC_ARC = YES;
				CLANG_ENABLE_OBJC_WEAK = YES;
				CLANG_WARN_BLOCK_CAPTURE_AUTORELEASING = YES;
				CLANG_WARN_BOOL_CONVERSION = YES;
				CLANG_WARN_COMMA = YES;
				CLANG_WARN_CONSTANT_CONVERSION = YES;
				CLANG_WARN_DEPRECATED_OBJC_IMPLEMENTATIONS = YES;
				CLANG_WARN_DIRECT_OBJC_ISA_USAGE = YES_ERROR;
				CLANG_WARN_DOCUMENTATION_COMMENTS = YES;
				CLANG_WARN_EMPTY_BODY = YES;
				CLANG_WARN_ENUM_CONVERSION = YES;
				CLANG_WARN_INFINITE_RECURSION = YES;
				CLANG_WARN_INT_CONVERSION = YES;
				CLANG_WARN_NON_LITERAL_NULL_CONVERSION = YES;
				CLANG_WARN_OBJC_IMPLICIT_RETAIN_SELF = YES;
				CLANG_WARN_OBJC_LITERAL_CONVERSION = YES;
				CLANG_WARN_OBJC_ROOT_CLASS = YES_ERROR;
				CLANG_WARN_RANGE_LOOP_ANALYSIS = YES;
				CLANG_WARN_STRICT_PROTOTYPES = YES;
				CLANG_WARN_SUSPICIOUS_MOVE = YES;
				CLANG_WARN_UNGUARDED_AVAILABILITY = YES_AGGRESSIVE;
				CLANG_WARN_UNREACHABLE_CODE = YES;
				CLANG_WARN__DUPLICATE_METHOD_MATCH = YES;
				COPY_PHASE_STRIP = NO;
				DEBUG_INFORMATION_FORMAT = dwarf;
				ENABLE_STRICT_OBJC_MSGSEND = YES;
				ENABLE_TESTABILITY = YES;
				GCC_C_LANGUAGE_STANDARD = gnu11;
				GCC_DYNAMIC_NO_PIC = NO;
				GCC_NO_COMMON_BLOCKS = YES;
				GCC_OPTIMIZATION_LEVEL = 0;
				GCC_PREPROCESSOR_DEFINITIONS = (
					"DEBUG=1",
					"$(inherited)",
				);
				GCC_WARN_64_TO_32_BIT_CONVERSION = YES;
				GCC_WARN_ABOUT_RETURN_TYPE = YES_ERROR;
				GCC_WARN_UNDECLARED_SELECTOR = YES;
				GCC_WARN_UNINITIALIZED_AUTOS = YES_AGGRESSIVE;
				GCC_WARN_UNUSED_FUNCTION = YES;
				GCC_WARN_UNUSED_VARIABLE = YES;
				HEADER_SEARCH_PATHS = "\"$(SRCROOT)/../mongo-swift-driver-master\"";
				MACOSX_DEPLOYMENT_TARGET = 10.15;
				MTL_ENABLE_DEBUG_INFO = INCLUDE_SOURCE;
				MTL_FAST_MATH = YES;
				ONLY_ACTIVE_ARCH = YES;
				SDKROOT = macosx;
				SWIFT_ACTIVE_COMPILATION_CONDITIONS = DEBUG;
				SWIFT_OPTIMIZATION_LEVEL = "-Onone";
			};
			name = Debug;
		};
		BA30C5DD244D50C000C03CC4 /* Release */ = {
			isa = XCBuildConfiguration;
			buildSettings = {
				ALWAYS_SEARCH_USER_PATHS = NO;
				CLANG_ANALYZER_NONNULL = YES;
				CLANG_ANALYZER_NUMBER_OBJECT_CONVERSION = YES_AGGRESSIVE;
				CLANG_CXX_LANGUAGE_STANDARD = "gnu++14";
				CLANG_CXX_LIBRARY = "libc++";
				CLANG_ENABLE_MODULES = YES;
				CLANG_ENABLE_OBJC_ARC = YES;
				CLANG_ENABLE_OBJC_WEAK = YES;
				CLANG_WARN_BLOCK_CAPTURE_AUTORELEASING = YES;
				CLANG_WARN_BOOL_CONVERSION = YES;
				CLANG_WARN_COMMA = YES;
				CLANG_WARN_CONSTANT_CONVERSION = YES;
				CLANG_WARN_DEPRECATED_OBJC_IMPLEMENTATIONS = YES;
				CLANG_WARN_DIRECT_OBJC_ISA_USAGE = YES_ERROR;
				CLANG_WARN_DOCUMENTATION_COMMENTS = YES;
				CLANG_WARN_EMPTY_BODY = YES;
				CLANG_WARN_ENUM_CONVERSION = YES;
				CLANG_WARN_INFINITE_RECURSION = YES;
				CLANG_WARN_INT_CONVERSION = YES;
				CLANG_WARN_NON_LITERAL_NULL_CONVERSION = YES;
				CLANG_WARN_OBJC_IMPLICIT_RETAIN_SELF = YES;
				CLANG_WARN_OBJC_LITERAL_CONVERSION = YES;
				CLANG_WARN_OBJC_ROOT_CLASS = YES_ERROR;
				CLANG_WARN_RANGE_LOOP_ANALYSIS = YES;
				CLANG_WARN_STRICT_PROTOTYPES = YES;
				CLANG_WARN_SUSPICIOUS_MOVE = YES;
				CLANG_WARN_UNGUARDED_AVAILABILITY = YES_AGGRESSIVE;
				CLANG_WARN_UNREACHABLE_CODE = YES;
				CLANG_WARN__DUPLICATE_METHOD_MATCH = YES;
				COPY_PHASE_STRIP = NO;
				DEBUG_INFORMATION_FORMAT = "dwarf-with-dsym";
				ENABLE_NS_ASSERTIONS = NO;
				ENABLE_STRICT_OBJC_MSGSEND = YES;
				GCC_C_LANGUAGE_STANDARD = gnu11;
				GCC_NO_COMMON_BLOCKS = YES;
				GCC_WARN_64_TO_32_BIT_CONVERSION = YES;
				GCC_WARN_ABOUT_RETURN_TYPE = YES_ERROR;
				GCC_WARN_UNDECLARED_SELECTOR = YES;
				GCC_WARN_UNINITIALIZED_AUTOS = YES_AGGRESSIVE;
				GCC_WARN_UNUSED_FUNCTION = YES;
				GCC_WARN_UNUSED_VARIABLE = YES;
				HEADER_SEARCH_PATHS = "\"$(SRCROOT)/../mongo-swift-driver-master\"";
				MACOSX_DEPLOYMENT_TARGET = 10.15;
				MTL_ENABLE_DEBUG_INFO = NO;
				MTL_FAST_MATH = YES;
				SDKROOT = macosx;
				SWIFT_COMPILATION_MODE = wholemodule;
				SWIFT_OPTIMIZATION_LEVEL = "-O";
			};
			name = Release;
		};
		BA30C5DF244D50C000C03CC4 /* Debug */ = {
			isa = XCBuildConfiguration;
			buildSettings = {
				ASSETCATALOG_COMPILER_APPICON_NAME = AppIcon;
				CODE_SIGN_ENTITLEMENTS = "Formula 1 Statistics - 2019/Formula_1_Statistics___2019.entitlements";
				CODE_SIGN_STYLE = Automatic;
				COMBINE_HIDPI_IMAGES = YES;
				DEVELOPMENT_ASSET_PATHS = "\"Formula 1 Statistics - 2019/Preview Content\"";
				ENABLE_PREVIEWS = YES;
				INFOPLIST_FILE = "Formula 1 Statistics - 2019/Info.plist";
				LD_RUNPATH_SEARCH_PATHS = (
					"$(inherited)",
					"@executable_path/../Frameworks",
				);
				MACOSX_DEPLOYMENT_TARGET = 10.15;
				PRODUCT_BUNDLE_IDENTIFIER = "henrychen.Formula-1-Statistics---2019";
				PRODUCT_NAME = "$(TARGET_NAME)";
				SWIFT_VERSION = 5.0;
			};
			name = Debug;
		};
		BA30C5E0244D50C000C03CC4 /* Release */ = {
			isa = XCBuildConfiguration;
			buildSettings = {
				ASSETCATALOG_COMPILER_APPICON_NAME = AppIcon;
				CODE_SIGN_ENTITLEMENTS = "Formula 1 Statistics - 2019/Formula_1_Statistics___2019.entitlements";
				CODE_SIGN_STYLE = Automatic;
				COMBINE_HIDPI_IMAGES = YES;
				DEVELOPMENT_ASSET_PATHS = "\"Formula 1 Statistics - 2019/Preview Content\"";
				ENABLE_PREVIEWS = YES;
				INFOPLIST_FILE = "Formula 1 Statistics - 2019/Info.plist";
				LD_RUNPATH_SEARCH_PATHS = (
					"$(inherited)",
					"@executable_path/../Frameworks",
				);
				MACOSX_DEPLOYMENT_TARGET = 10.15;
				PRODUCT_BUNDLE_IDENTIFIER = "henrychen.Formula-1-Statistics---2019";
				PRODUCT_NAME = "$(TARGET_NAME)";
				SWIFT_VERSION = 5.0;
			};
			name = Release;
		};
		BA30C5E2244D50C000C03CC4 /* Debug */ = {
			isa = XCBuildConfiguration;
			buildSettings = {
				ALWAYS_EMBED_SWIFT_STANDARD_LIBRARIES = YES;
				BUNDLE_LOADER = "$(TEST_HOST)";
				CODE_SIGN_STYLE = Automatic;
				COMBINE_HIDPI_IMAGES = YES;
				INFOPLIST_FILE = "Formula 1 Statistics - 2019Tests/Info.plist";
				LD_RUNPATH_SEARCH_PATHS = (
					"$(inherited)",
					"@executable_path/../Frameworks",
					"@loader_path/../Frameworks",
				);
				MACOSX_DEPLOYMENT_TARGET = 10.15;
				PRODUCT_BUNDLE_IDENTIFIER = "henrychen.Formula-1-Statistics---2019Tests";
				PRODUCT_NAME = "$(TARGET_NAME)";
				SWIFT_VERSION = 5.0;
				TEST_HOST = "$(BUILT_PRODUCTS_DIR)/Formula 1 Statistics - 2019.app/Contents/MacOS/Formula 1 Statistics - 2019";
			};
			name = Debug;
		};
		BA30C5E3244D50C000C03CC4 /* Release */ = {
			isa = XCBuildConfiguration;
			buildSettings = {
				ALWAYS_EMBED_SWIFT_STANDARD_LIBRARIES = YES;
				BUNDLE_LOADER = "$(TEST_HOST)";
				CODE_SIGN_STYLE = Automatic;
				COMBINE_HIDPI_IMAGES = YES;
				INFOPLIST_FILE = "Formula 1 Statistics - 2019Tests/Info.plist";
				LD_RUNPATH_SEARCH_PATHS = (
					"$(inherited)",
					"@executable_path/../Frameworks",
					"@loader_path/../Frameworks",
				);
				MACOSX_DEPLOYMENT_TARGET = 10.15;
				PRODUCT_BUNDLE_IDENTIFIER = "henrychen.Formula-1-Statistics---2019Tests";
				PRODUCT_NAME = "$(TARGET_NAME)";
				SWIFT_VERSION = 5.0;
				TEST_HOST = "$(BUILT_PRODUCTS_DIR)/Formula 1 Statistics - 2019.app/Contents/MacOS/Formula 1 Statistics - 2019";
			};
			name = Release;
		};
		BA30C5E5244D50C000C03CC4 /* Debug */ = {
			isa = XCBuildConfiguration;
			buildSettings = {
				ALWAYS_EMBED_SWIFT_STANDARD_LIBRARIES = YES;
				CODE_SIGN_STYLE = Automatic;
				COMBINE_HIDPI_IMAGES = YES;
				INFOPLIST_FILE = "Formula 1 Statistics - 2019UITests/Info.plist";
				LD_RUNPATH_SEARCH_PATHS = (
					"$(inherited)",
					"@executable_path/../Frameworks",
					"@loader_path/../Frameworks",
				);
				PRODUCT_BUNDLE_IDENTIFIER = "henrychen.Formula-1-Statistics---2019UITests";
				PRODUCT_NAME = "$(TARGET_NAME)";
				SWIFT_VERSION = 5.0;
				TEST_TARGET_NAME = "Formula 1 Statistics - 2019";
			};
			name = Debug;
		};
		BA30C5E6244D50C000C03CC4 /* Release */ = {
			isa = XCBuildConfiguration;
			buildSettings = {
				ALWAYS_EMBED_SWIFT_STANDARD_LIBRARIES = YES;
				CODE_SIGN_STYLE = Automatic;
				COMBINE_HIDPI_IMAGES = YES;
				INFOPLIST_FILE = "Formula 1 Statistics - 2019UITests/Info.plist";
				LD_RUNPATH_SEARCH_PATHS = (
					"$(inherited)",
					"@executable_path/../Frameworks",
					"@loader_path/../Frameworks",
				);
				PRODUCT_BUNDLE_IDENTIFIER = "henrychen.Formula-1-Statistics---2019UITests";
				PRODUCT_NAME = "$(TARGET_NAME)";
				SWIFT_VERSION = 5.0;
				TEST_TARGET_NAME = "Formula 1 Statistics - 2019";
			};
			name = Release;
		};
/* End XCBuildConfiguration section */

/* Begin XCConfigurationList section */
		BA30C5AD244D50BE00C03CC4 /* Build configuration list for PBXProject "Formula 1 Statistics - 2019" */ = {
			isa = XCConfigurationList;
			buildConfigurations = (
				BA30C5DC244D50C000C03CC4 /* Debug */,
				BA30C5DD244D50C000C03CC4 /* Release */,
			);
			defaultConfigurationIsVisible = 0;
			defaultConfigurationName = Release;
		};
		BA30C5DE244D50C000C03CC4 /* Build configuration list for PBXNativeTarget "Formula 1 Statistics - 2019" */ = {
			isa = XCConfigurationList;
			buildConfigurations = (
				BA30C5DF244D50C000C03CC4 /* Debug */,
				BA30C5E0244D50C000C03CC4 /* Release */,
			);
			defaultConfigurationIsVisible = 0;
			defaultConfigurationName = Release;
		};
		BA30C5E1244D50C000C03CC4 /* Build configuration list for PBXNativeTarget "Formula 1 Statistics - 2019Tests" */ = {
			isa = XCConfigurationList;
			buildConfigurations = (
				BA30C5E2244D50C000C03CC4 /* Debug */,
				BA30C5E3244D50C000C03CC4 /* Release */,
			);
			defaultConfigurationIsVisible = 0;
			defaultConfigurationName = Release;
		};
		BA30C5E4244D50C000C03CC4 /* Build configuration list for PBXNativeTarget "Formula 1 Statistics - 2019UITests" */ = {
			isa = XCConfigurationList;
			buildConfigurations = (
				BA30C5E5244D50C000C03CC4 /* Debug */,
				BA30C5E6244D50C000C03CC4 /* Release */,
			);
			defaultConfigurationIsVisible = 0;
			defaultConfigurationName = Release;
		};
/* End XCConfigurationList section */

/* Begin XCVersionGroup section */
		BA30C5B9244D50BF00C03CC4 /* Formula_1_Statistics___2019.xcdatamodeld */ = {
			isa = XCVersionGroup;
			children = (
				BA30C5BA244D50BF00C03CC4 /* Formula_1_Statistics___2019.xcdatamodel */,
			);
			currentVersion = BA30C5BA244D50BF00C03CC4 /* Formula_1_Statistics___2019.xcdatamodel */;
			path = "Formula_1_Statistics___2019.xcdatamodeld";
			sourceTree = "<group>";
			versionGroupType = wrapper.xcdatamodel;
		};
/* End XCVersionGroup section */
	};
	rootObject = BA30C5AA244D50BE00C03CC4 /* Project object */;
}
